schema = "reprobuild.solved-graph-lock.v2"

[lock]
platform = "amd64-linux"
optimal = false
inputs_digest = "fnv1a64:1a0dccde7fb41369"
variants = []
packages = [{ name = "gcc", version = "12.0.0", source = "gcc" }, { name = "nim", version = "2.0.0", source = "nim" }, { name = "term_assert_client", version = "1.0.0", source = "term_assert_client" }, { name = "term_assert_cmd", version = "0.1.0", source = "term_assert_cmd" }]
deps = [{ name = "TermAssertClient", path = "../TermAssertClient", coord_kind = "vcs", url = "https://github.com/metacraft-labs/TermAssertClient", ref = "mcr-stege0-and-fixes", revision = "ac1d1307000bd2c9922e56dce50512de460ae399", integrity = "git-sha1:ac1d1307000bd2c9922e56dce50512de460ae399", version = "", visibility = "public", participation = "", depends = "", groups = "" }, { name = "term-assert-cmd", path = ".", coord_kind = "vcs", url = "https://github.com/metacraft-labs/term-assert-cmd", ref = "mcr-stege0-and-fixes", revision = "8523c1ebd36c32fcffa69d48e7df2dd3b64edba1", integrity = "git-sha1:8523c1ebd36c32fcffa69d48e7df2dd3b64edba1", version = "", visibility = "public", participation = "", depends = "TermAssertClient", groups = "" }]
